
Microsoft Visual Studio Solution File, Format Version 12.00
# Visual Studio Version 17
VisualStudioVersion = 17.4.33403.182
MinimumVisualStudioVersion = 10.0.40219.1
Project("{9A19103F-16F7-4668-BE54-9A1E7A4F7556}") = "CamerasWebApp", "CamerasWebApp\CamerasWebApp.csproj", "{B4ABD259-AC58-4471-9884-92C944E5E6D8}"
EndProject
Project("{9A19103F-16F7-4668-BE54-9A1E7A4F7556}") = "CLI-old", "..\Infi-CameraProject\CameraConsoleApp\InfiNickyCodes\CLI-old.csproj", "{20A7E81B-8D13-4E62-8644-55DEC3F81B21}"
EndProject
Project("{9A19103F-16F7-4668-BE54-9A1E7A4F7556}") = "CLI", "CamerasCLI\CLI.csproj", "{6EA7E258-4AEF-4E30-B328-D7E7B5E3EE3A}"
EndProject
Global
	GlobalSection(SolutionConfigurationPlatforms) = preSolution
		Debug|Any CPU = Debug|Any CPU
		Release|Any CPU = Release|Any CPU
	EndGlobalSection
	GlobalSection(ProjectConfigurationPlatforms) = postSolution
		{B4ABD259-AC58-4471-9884-92C944E5E6D8}.Debug|Any CPU.ActiveCfg = Debug|Any CPU
		{B4ABD259-AC58-4471-9884-92C944E5E6D8}.Debug|Any CPU.Build.0 = Debug|Any CPU
		{B4ABD259-AC58-4471-9884-92C944E5E6D8}.Release|Any CPU.ActiveCfg = Release|Any CPU
		{B4ABD259-AC58-4471-9884-92C944E5E6D8}.Release|Any CPU.Build.0 = Release|Any CPU
		{20A7E81B-8D13-4E62-8644-55DEC3F81B21}.Debug|Any CPU.ActiveCfg = Debug|Any CPU
		{20A7E81B-8D13-4E62-8644-55DEC3F81B21}.Debug|Any CPU.Build.0 = Debug|Any CPU
		{20A7E81B-8D13-4E62-8644-55DEC3F81B21}.Release|Any CPU.ActiveCfg = Release|Any CPU
		{20A7E81B-8D13-4E62-8644-55DEC3F81B21}.Release|Any CPU.Build.0 = Release|Any CPU
		{6EA7E258-4AEF-4E30-B328-D7E7B5E3EE3A}.Debug|Any CPU.ActiveCfg = Debug|Any CPU
		{6EA7E258-4AEF-4E30-B328-D7E7B5E3EE3A}.Debug|Any CPU.Build.0 = Debug|Any CPU
		{6EA7E258-4AEF-4E30-B328-D7E7B5E3EE3A}.Release|Any CPU.ActiveCfg = Release|Any CPU
		{6EA7E258-4AEF-4E30-B328-D7E7B5E3EE3A}.Release|Any CPU.Build.0 = Release|Any CPU
	EndGlobalSection
	GlobalSection(SolutionProperties) = preSolution
		HideSolutionNode = FALSE
	EndGlobalSection
	GlobalSection(ExtensibilityGlobals) = postSolution
		SolutionGuid = {31990ABD-44DE-46DF-AB78-95EA0C4B0403}
	EndGlobalSection
EndGlobal
